// !$*UTF8*$!
{
	archiveVersion = 1;
	classes = {
	};
	objectVersion = 55;
	objects = {

/* Begin PBXBuildFile section */
		012897E828DCCCA600C56CDC /* FinishPayment.storyboard in Resources */ = {isa = PBXBuildFile; fileRef = 012897E228DCCCA600C56CDC /* FinishPayment.storyboard */; };
		012897E928DCCCA600C56CDC /* FinishPaymentInterfaces.swift in Sources */ = {isa = PBXBuildFile; fileRef = 012897E328DCCCA600C56CDC /* FinishPaymentInterfaces.swift */; };
		012897EA28DCCCA600C56CDC /* FinishPaymentPresenter.swift in Sources */ = {isa = PBXBuildFile; fileRef = 012897E428DCCCA600C56CDC /* FinishPaymentPresenter.swift */; };
		012897EB28DCCCA600C56CDC /* FinishPaymentViewController.swift in Sources */ = {isa = PBXBuildFile; fileRef = 012897E528DCCCA600C56CDC /* FinishPaymentViewController.swift */; };
		012897EC28DCCCA600C56CDC /* FinishPaymentInteractor.swift in Sources */ = {isa = PBXBuildFile; fileRef = 012897E628DCCCA600C56CDC /* FinishPaymentInteractor.swift */; };
		012897ED28DCCCA600C56CDC /* FinishPaymentWireframe.swift in Sources */ = {isa = PBXBuildFile; fileRef = 012897E728DCCCA600C56CDC /* FinishPaymentWireframe.swift */; };
		012897F028DCCDB500C56CDC /* GenericTextField.swift in Sources */ = {isa = PBXBuildFile; fileRef = 012897EF28DCCDB500C56CDC /* GenericTextField.swift */; };
		012897F228DCCDBF00C56CDC /* GenericTextField.xib in Resources */ = {isa = PBXBuildFile; fileRef = 012897F128DCCDBF00C56CDC /* GenericTextField.xib */; };
		012897F528DCED1B00C56CDC /* EmptyTableViewCell.swift in Sources */ = {isa = PBXBuildFile; fileRef = 012897F328DCED1B00C56CDC /* EmptyTableViewCell.swift */; };
		012897F628DCED1B00C56CDC /* EmptyTableViewCell.xib in Resources */ = {isa = PBXBuildFile; fileRef = 012897F428DCED1B00C56CDC /* EmptyTableViewCell.xib */; };
		012897F928DCF13700C56CDC /* NVActivityIndicatorView in Frameworks */ = {isa = PBXBuildFile; productRef = 012897F828DCF13700C56CDC /* NVActivityIndicatorView */; };
		012897FB28DCF13700C56CDC /* NVActivityIndicatorViewExtended in Frameworks */ = {isa = PBXBuildFile; productRef = 012897FA28DCF13700C56CDC /* NVActivityIndicatorViewExtended */; };
		0128980328DCF45300C56CDC /* PaymentDetails.storyboard in Resources */ = {isa = PBXBuildFile; fileRef = 012897FD28DCF45300C56CDC /* PaymentDetails.storyboard */; };
		0128980428DCF45300C56CDC /* PaymentDetailsInterfaces.swift in Sources */ = {isa = PBXBuildFile; fileRef = 012897FE28DCF45300C56CDC /* PaymentDetailsInterfaces.swift */; };
		0128980528DCF45300C56CDC /* PaymentDetailsPresenter.swift in Sources */ = {isa = PBXBuildFile; fileRef = 012897FF28DCF45300C56CDC /* PaymentDetailsPresenter.swift */; };
		0128980628DCF45300C56CDC /* PaymentDetailsViewController.swift in Sources */ = {isa = PBXBuildFile; fileRef = 0128980028DCF45300C56CDC /* PaymentDetailsViewController.swift */; };
		0128980728DCF45300C56CDC /* PaymentDetailsInteractor.swift in Sources */ = {isa = PBXBuildFile; fileRef = 0128980128DCF45300C56CDC /* PaymentDetailsInteractor.swift */; };
		0128980828DCF45300C56CDC /* PaymentDetailsWireframe.swift in Sources */ = {isa = PBXBuildFile; fileRef = 0128980228DCF45300C56CDC /* PaymentDetailsWireframe.swift */; };
		0133CE0F28DA602A00AAD8B2 /* AppDelegate.swift in Sources */ = {isa = PBXBuildFile; fileRef = 0133CE0E28DA602A00AAD8B2 /* AppDelegate.swift */; };
		0133CE1128DA602A00AAD8B2 /* SceneDelegate.swift in Sources */ = {isa = PBXBuildFile; fileRef = 0133CE1028DA602A00AAD8B2 /* SceneDelegate.swift */; };
		0133CE1328DA602A00AAD8B2 /* ViewController.swift in Sources */ = {isa = PBXBuildFile; fileRef = 0133CE1228DA602A00AAD8B2 /* ViewController.swift */; };
		0133CE1628DA602A00AAD8B2 /* Main.storyboard in Resources */ = {isa = PBXBuildFile; fileRef = 0133CE1428DA602A00AAD8B2 /* Main.storyboard */; };
		0133CE1928DA602A00AAD8B2 /* Payer.xcdatamodeld in Sources */ = {isa = PBXBuildFile; fileRef = 0133CE1728DA602A00AAD8B2 /* Payer.xcdatamodeld */; };
		0133CE1B28DA602C00AAD8B2 /* Assets.xcassets in Resources */ = {isa = PBXBuildFile; fileRef = 0133CE1A28DA602C00AAD8B2 /* Assets.xcassets */; };
		0133CE1E28DA602C00AAD8B2 /* LaunchScreen.storyboard in Resources */ = {isa = PBXBuildFile; fileRef = 0133CE1C28DA602C00AAD8B2 /* LaunchScreen.storyboard */; };
		0133CE2928DA602C00AAD8B2 /* PayerTests.swift in Sources */ = {isa = PBXBuildFile; fileRef = 0133CE2828DA602C00AAD8B2 /* PayerTests.swift */; };
		0133CE3328DA602C00AAD8B2 /* PayerUITests.swift in Sources */ = {isa = PBXBuildFile; fileRef = 0133CE3228DA602C00AAD8B2 /* PayerUITests.swift */; };
		0133CE3528DA602C00AAD8B2 /* PayerUITestsLaunchTests.swift in Sources */ = {isa = PBXBuildFile; fileRef = 0133CE3428DA602C00AAD8B2 /* PayerUITestsLaunchTests.swift */; };
		0133CE4728DA620700AAD8B2 /* BaseWireframe.swift in Sources */ = {isa = PBXBuildFile; fileRef = 0133CE4228DA620700AAD8B2 /* BaseWireframe.swift */; };
		0133CE4828DA620700AAD8B2 /* UIStoryboardExtension.swift in Sources */ = {isa = PBXBuildFile; fileRef = 0133CE4328DA620700AAD8B2 /* UIStoryboardExtension.swift */; };
		0133CE4928DA620700AAD8B2 /* PresenterInterface.swift in Sources */ = {isa = PBXBuildFile; fileRef = 0133CE4428DA620700AAD8B2 /* PresenterInterface.swift */; };
		0133CE4A28DA620700AAD8B2 /* ViewInterface.swift in Sources */ = {isa = PBXBuildFile; fileRef = 0133CE4528DA620700AAD8B2 /* ViewInterface.swift */; };
		0133CE4B28DA620700AAD8B2 /* InteractorInterface.swift in Sources */ = {isa = PBXBuildFile; fileRef = 0133CE4628DA620700AAD8B2 /* InteractorInterface.swift */; };
		0133CE5328DA622F00AAD8B2 /* PaymentsHome.storyboard in Resources */ = {isa = PBXBuildFile; fileRef = 0133CE4D28DA622F00AAD8B2 /* PaymentsHome.storyboard */; };
		0133CE5428DA622F00AAD8B2 /* PaymentsHomeInterfaces.swift in Sources */ = {isa = PBXBuildFile; fileRef = 0133CE4E28DA622F00AAD8B2 /* PaymentsHomeInterfaces.swift */; };
		0133CE5528DA622F00AAD8B2 /* PaymentsHomePresenter.swift in Sources */ = {isa = PBXBuildFile; fileRef = 0133CE4F28DA622F00AAD8B2 /* PaymentsHomePresenter.swift */; };
		0133CE5628DA622F00AAD8B2 /* PaymentsHomeViewController.swift in Sources */ = {isa = PBXBuildFile; fileRef = 0133CE5028DA622F00AAD8B2 /* PaymentsHomeViewController.swift */; };
		0133CE5728DA622F00AAD8B2 /* PaymentsHomeInteractor.swift in Sources */ = {isa = PBXBuildFile; fileRef = 0133CE5128DA622F00AAD8B2 /* PaymentsHomeInteractor.swift */; };
		0133CE5828DA622F00AAD8B2 /* PaymentsHomeWireframe.swift in Sources */ = {isa = PBXBuildFile; fileRef = 0133CE5228DA622F00AAD8B2 /* PaymentsHomeWireframe.swift */; };
		0133CE5A28DA62AF00AAD8B2 /* PaymentsNavigationViewController.swift in Sources */ = {isa = PBXBuildFile; fileRef = 0133CE5928DA62AF00AAD8B2 /* PaymentsNavigationViewController.swift */; };
		0133CE5E28DA67AC00AAD8B2 /* CreditCardView.swift in Sources */ = {isa = PBXBuildFile; fileRef = 0133CE5D28DA67AC00AAD8B2 /* CreditCardView.swift */; };
		0133CE6028DA67EE00AAD8B2 /* CreditCardView.xib in Resources */ = {isa = PBXBuildFile; fileRef = 0133CE5F28DA67EE00AAD8B2 /* CreditCardView.xib */; };
		0133CE6328DB266300AAD8B2 /* TransactionHistoryTable.xib in Resources */ = {isa = PBXBuildFile; fileRef = 0133CE6228DB266300AAD8B2 /* TransactionHistoryTable.xib */; };
		0133CE6528DB269500AAD8B2 /* TransactionHistoryTable.swift in Sources */ = {isa = PBXBuildFile; fileRef = 0133CE6428DB269500AAD8B2 /* TransactionHistoryTable.swift */; };
		0133CE6E28DB341800AAD8B2 /* TransactionsTableViewCell.swift in Sources */ = {isa = PBXBuildFile; fileRef = 0133CE6C28DB341800AAD8B2 /* TransactionsTableViewCell.swift */; };
		0133CE6F28DB341800AAD8B2 /* TransactionsTableViewCell.xib in Resources */ = {isa = PBXBuildFile; fileRef = 0133CE6D28DB341800AAD8B2 /* TransactionsTableViewCell.xib */; };
		0133CE7228DB545500AAD8B2 /* PayerStore.swift in Sources */ = {isa = PBXBuildFile; fileRef = 0133CE7128DB545500AAD8B2 /* PayerStore.swift */; };
		0133CE7428DB548200AAD8B2 /* BankCardItem.swift in Sources */ = {isa = PBXBuildFile; fileRef = 0133CE7328DB548200AAD8B2 /* BankCardItem.swift */; };
		0133CE7628DB549500AAD8B2 /* TransactionItem.swift in Sources */ = {isa = PBXBuildFile; fileRef = 0133CE7528DB549500AAD8B2 /* TransactionItem.swift */; };
		0133CE7828DB55DA00AAD8B2 /* CoreDataStack.swift in Sources */ = {isa = PBXBuildFile; fileRef = 0133CE7728DB55DA00AAD8B2 /* CoreDataStack.swift */; };
		0133CE7B28DB579700AAD8B2 /* SwiftyBeaver in Frameworks */ = {isa = PBXBuildFile; productRef = 0133CE7A28DB579700AAD8B2 /* SwiftyBeaver */; };
		0133CE7E28DB57A500AAD8B2 /* Logger.swift in Sources */ = {isa = PBXBuildFile; fileRef = 0133CE7D28DB57A500AAD8B2 /* Logger.swift */; };
		0133CE8628DB738B00AAD8B2 /* Localizable.strings in Resources */ = {isa = PBXBuildFile; fileRef = 0133CE8828DB738B00AAD8B2 /* Localizable.strings */; };
		01A4590428DC5DC70072ADCF /* MakePayment.storyboard in Resources */ = {isa = PBXBuildFile; fileRef = 01A458FE28DC5DC70072ADCF /* MakePayment.storyboard */; };
		01A4590528DC5DC70072ADCF /* MakePaymentInterfaces.swift in Sources */ = {isa = PBXBuildFile; fileRef = 01A458FF28DC5DC70072ADCF /* MakePaymentInterfaces.swift */; };
		01A4590628DC5DC70072ADCF /* MakePaymentPresenter.swift in Sources */ = {isa = PBXBuildFile; fileRef = 01A4590028DC5DC70072ADCF /* MakePaymentPresenter.swift */; };
		01A4590728DC5DC70072ADCF /* MakePaymentViewController.swift in Sources */ = {isa = PBXBuildFile; fileRef = 01A4590128DC5DC70072ADCF /* MakePaymentViewController.swift */; };
		01A4590828DC5DC70072ADCF /* MakePaymentInteractor.swift in Sources */ = {isa = PBXBuildFile; fileRef = 01A4590228DC5DC70072ADCF /* MakePaymentInteractor.swift */; };
		01A4590928DC5DC70072ADCF /* MakePaymentWireframe.swift in Sources */ = {isa = PBXBuildFile; fileRef = 01A4590328DC5DC70072ADCF /* MakePaymentWireframe.swift */; };
		01A4590B28DC89390072ADCF /* Extensions.swift in Sources */ = {isa = PBXBuildFile; fileRef = 01A4590A28DC89390072ADCF /* Extensions.swift */; };
		01A4590D28DC8AA70072ADCF /* PaymentTypeTableViewCell.swift in Sources */ = {isa = PBXBuildFile; fileRef = 01A4590C28DC8AA70072ADCF /* PaymentTypeTableViewCell.swift */; };
		01A4590F28DCA7200072ADCF /* SubscriptionItem.swift in Sources */ = {isa = PBXBuildFile; fileRef = 01A4590E28DCA7200072ADCF /* SubscriptionItem.swift */; };
/* End PBXBuildFile section */

/* Begin PBXContainerItemProxy section */
		0133CE2528DA602C00AAD8B2 /* PBXContainerItemProxy */ = {
			isa = PBXContainerItemProxy;
			containerPortal = 0133CE0328DA602A00AAD8B2 /* Project object */;
			proxyType = 1;
			remoteGlobalIDString = 0133CE0A28DA602A00AAD8B2;
			remoteInfo = Payer;
		};
		0133CE2F28DA602C00AAD8B2 /* PBXContainerItemProxy */ = {
			isa = PBXContainerItemProxy;
			containerPortal = 0133CE0328DA602A00AAD8B2 /* Project object */;
			proxyType = 1;
			remoteGlobalIDString = 0133CE0A28DA602A00AAD8B2;
			remoteInfo = Payer;
		};
/* End PBXContainerItemProxy section */

/* Begin PBXFileReference section */
		012897E228DCCCA600C56CDC /* FinishPayment.storyboard */ = {isa = PBXFileReference; lastKnownFileType = file.storyboard; path = FinishPayment.storyboard; sourceTree = "<group>"; };
		012897E328DCCCA600C56CDC /* FinishPaymentInterfaces.swift */ = {isa = PBXFileReference; lastKnownFileType = sourcecode.swift; path = FinishPaymentInterfaces.swift; sourceTree = "<group>"; };
		012897E428DCCCA600C56CDC /* FinishPaymentPresenter.swift */ = {isa = PBXFileReference; lastKnownFileType = sourcecode.swift; path = FinishPaymentPresenter.swift; sourceTree = "<group>"; };
		012897E528DCCCA600C56CDC /* FinishPaymentViewController.swift */ = {isa = PBXFileReference; lastKnownFileType = sourcecode.swift; path = FinishPaymentViewController.swift; sourceTree = "<group>"; };
		012897E628DCCCA600C56CDC /* FinishPaymentInteractor.swift */ = {isa = PBXFileReference; lastKnownFileType = sourcecode.swift; path = FinishPaymentInteractor.swift; sourceTree = "<group>"; };
		012897E728DCCCA600C56CDC /* FinishPaymentWireframe.swift */ = {isa = PBXFileReference; lastKnownFileType = sourcecode.swift; path = FinishPaymentWireframe.swift; sourceTree = "<group>"; };
		012897EF28DCCDB500C56CDC /* GenericTextField.swift */ = {isa = PBXFileReference; lastKnownFileType = sourcecode.swift; path = GenericTextField.swift; sourceTree = "<group>"; };
		012897F128DCCDBF00C56CDC /* GenericTextField.xib */ = {isa = PBXFileReference; lastKnownFileType = file.xib; path = GenericTextField.xib; sourceTree = "<group>"; };
		012897F328DCED1B00C56CDC /* EmptyTableViewCell.swift */ = {isa = PBXFileReference; lastKnownFileType = sourcecode.swift; path = EmptyTableViewCell.swift; sourceTree = "<group>"; };
		012897F428DCED1B00C56CDC /* EmptyTableViewCell.xib */ = {isa = PBXFileReference; lastKnownFileType = file.xib; path = EmptyTableViewCell.xib; sourceTree = "<group>"; };
		012897FD28DCF45300C56CDC /* PaymentDetails.storyboard */ = {isa = PBXFileReference; lastKnownFileType = file.storyboard; path = PaymentDetails.storyboard; sourceTree = "<group>"; };
		012897FE28DCF45300C56CDC /* PaymentDetailsInterfaces.swift */ = {isa = PBXFileReference; lastKnownFileType = sourcecode.swift; path = PaymentDetailsInterfaces.swift; sourceTree = "<group>"; };
		012897FF28DCF45300C56CDC /* PaymentDetailsPresenter.swift */ = {isa = PBXFileReference; lastKnownFileType = sourcecode.swift; path = PaymentDetailsPresenter.swift; sourceTree = "<group>"; };
		0128980028DCF45300C56CDC /* PaymentDetailsViewController.swift */ = {isa = PBXFileReference; lastKnownFileType = sourcecode.swift; path = PaymentDetailsViewController.swift; sourceTree = "<group>"; };
		0128980128DCF45300C56CDC /* PaymentDetailsInteractor.swift */ = {isa = PBXFileReference; lastKnownFileType = sourcecode.swift; path = PaymentDetailsInteractor.swift; sourceTree = "<group>"; };
		0128980228DCF45300C56CDC /* PaymentDetailsWireframe.swift */ = {isa = PBXFileReference; lastKnownFileType = sourcecode.swift; path = PaymentDetailsWireframe.swift; sourceTree = "<group>"; };
		0133CE0B28DA602A00AAD8B2 /* Payer.app */ = {isa = PBXFileReference; explicitFileType = wrapper.application; includeInIndex = 0; path = Payer.app; sourceTree = BUILT_PRODUCTS_DIR; };
		0133CE0E28DA602A00AAD8B2 /* AppDelegate.swift */ = {isa = PBXFileReference; lastKnownFileType = sourcecode.swift; path = AppDelegate.swift; sourceTree = "<group>"; };
		0133CE1028DA602A00AAD8B2 /* SceneDelegate.swift */ = {isa = PBXFileReference; lastKnownFileType = sourcecode.swift; path = SceneDelegate.swift; sourceTree = "<group>"; };
		0133CE1228DA602A00AAD8B2 /* ViewController.swift */ = {isa = PBXFileReference; lastKnownFileType = sourcecode.swift; path = ViewController.swift; sourceTree = "<group>"; };
		0133CE1528DA602A00AAD8B2 /* Base */ = {isa = PBXFileReference; lastKnownFileType = file.storyboard; name = Base; path = Base.lproj/Main.storyboard; sourceTree = "<group>"; };
		0133CE1828DA602A00AAD8B2 /* Payer.xcdatamodel */ = {isa = PBXFileReference; lastKnownFileType = wrapper.xcdatamodel; path = Payer.xcdatamodel; sourceTree = "<group>"; };
		0133CE1A28DA602C00AAD8B2 /* Assets.xcassets */ = {isa = PBXFileReference; lastKnownFileType = folder.assetcatalog; path = Assets.xcassets; sourceTree = "<group>"; };
		0133CE1D28DA602C00AAD8B2 /* Base */ = {isa = PBXFileReference; lastKnownFileType = file.storyboard; name = Base; path = Base.lproj/LaunchScreen.storyboard; sourceTree = "<group>"; };
		0133CE1F28DA602C00AAD8B2 /* Info.plist */ = {isa = PBXFileReference; lastKnownFileType = text.plist.xml; path = Info.plist; sourceTree = "<group>"; };
		0133CE2428DA602C00AAD8B2 /* PayerTests.xctest */ = {isa = PBXFileReference; explicitFileType = wrapper.cfbundle; includeInIndex = 0; path = PayerTests.xctest; sourceTree = BUILT_PRODUCTS_DIR; };
		0133CE2828DA602C00AAD8B2 /* PayerTests.swift */ = {isa = PBXFileReference; lastKnownFileType = sourcecode.swift; path = PayerTests.swift; sourceTree = "<group>"; };
		0133CE2E28DA602C00AAD8B2 /* PayerUITests.xctest */ = {isa = PBXFileReference; explicitFileType = wrapper.cfbundle; includeInIndex = 0; path = PayerUITests.xctest; sourceTree = BUILT_PRODUCTS_DIR; };
		0133CE3228DA602C00AAD8B2 /* PayerUITests.swift */ = {isa = PBXFileReference; lastKnownFileType = sourcecode.swift; path = PayerUITests.swift; sourceTree = "<group>"; };
		0133CE3428DA602C00AAD8B2 /* PayerUITestsLaunchTests.swift */ = {isa = PBXFileReference; lastKnownFileType = sourcecode.swift; path = PayerUITestsLaunchTests.swift; sourceTree = "<group>"; };
		0133CE4228DA620700AAD8B2 /* BaseWireframe.swift */ = {isa = PBXFileReference; fileEncoding = 4; lastKnownFileType = sourcecode.swift; path = BaseWireframe.swift; sourceTree = "<group>"; };
		0133CE4328DA620700AAD8B2 /* UIStoryboardExtension.swift */ = {isa = PBXFileReference; fileEncoding = 4; lastKnownFileType = sourcecode.swift; path = UIStoryboardExtension.swift; sourceTree = "<group>"; };
		0133CE4428DA620700AAD8B2 /* PresenterInterface.swift */ = {isa = PBXFileReference; fileEncoding = 4; lastKnownFileType = sourcecode.swift; path = PresenterInterface.swift; sourceTree = "<group>"; };
		0133CE4528DA620700AAD8B2 /* ViewInterface.swift */ = {isa = PBXFileReference; fileEncoding = 4; lastKnownFileType = sourcecode.swift; path = ViewInterface.swift; sourceTree = "<group>"; };
		0133CE4628DA620700AAD8B2 /* InteractorInterface.swift */ = {isa = PBXFileReference; fileEncoding = 4; lastKnownFileType = sourcecode.swift; path = InteractorInterface.swift; sourceTree = "<group>"; };
		0133CE4D28DA622F00AAD8B2 /* PaymentsHome.storyboard */ = {isa = PBXFileReference; lastKnownFileType = file.storyboard; path = PaymentsHome.storyboard; sourceTree = "<group>"; };
		0133CE4E28DA622F00AAD8B2 /* PaymentsHomeInterfaces.swift */ = {isa = PBXFileReference; lastKnownFileType = sourcecode.swift; path = PaymentsHomeInterfaces.swift; sourceTree = "<group>"; };
		0133CE4F28DA622F00AAD8B2 /* PaymentsHomePresenter.swift */ = {isa = PBXFileReference; lastKnownFileType = sourcecode.swift; path = PaymentsHomePresenter.swift; sourceTree = "<group>"; };
		0133CE5028DA622F00AAD8B2 /* PaymentsHomeViewController.swift */ = {isa = PBXFileReference; lastKnownFileType = sourcecode.swift; path = PaymentsHomeViewController.swift; sourceTree = "<group>"; };
		0133CE5128DA622F00AAD8B2 /* PaymentsHomeInteractor.swift */ = {isa = PBXFileReference; lastKnownFileType = sourcecode.swift; path = PaymentsHomeInteractor.swift; sourceTree = "<group>"; };
		0133CE5228DA622F00AAD8B2 /* PaymentsHomeWireframe.swift */ = {isa = PBXFileReference; lastKnownFileType = sourcecode.swift; path = PaymentsHomeWireframe.swift; sourceTree = "<group>"; };
		0133CE5928DA62AF00AAD8B2 /* PaymentsNavigationViewController.swift */ = {isa = PBXFileReference; lastKnownFileType = sourcecode.swift; path = PaymentsNavigationViewController.swift; sourceTree = "<group>"; };
		0133CE5D28DA67AC00AAD8B2 /* CreditCardView.swift */ = {isa = PBXFileReference; lastKnownFileType = sourcecode.swift; path = CreditCardView.swift; sourceTree = "<group>"; };
		0133CE5F28DA67EE00AAD8B2 /* CreditCardView.xib */ = {isa = PBXFileReference; lastKnownFileType = file.xib; path = CreditCardView.xib; sourceTree = "<group>"; };
		0133CE6228DB266300AAD8B2 /* TransactionHistoryTable.xib */ = {isa = PBXFileReference; lastKnownFileType = file.xib; path = TransactionHistoryTable.xib; sourceTree = "<group>"; };
		0133CE6428DB269500AAD8B2 /* TransactionHistoryTable.swift */ = {isa = PBXFileReference; lastKnownFileType = sourcecode.swift; path = TransactionHistoryTable.swift; sourceTree = "<group>"; };
		0133CE6C28DB341800AAD8B2 /* TransactionsTableViewCell.swift */ = {isa = PBXFileReference; lastKnownFileType = sourcecode.swift; path = TransactionsTableViewCell.swift; sourceTree = "<group>"; };
		0133CE6D28DB341800AAD8B2 /* TransactionsTableViewCell.xib */ = {isa = PBXFileReference; lastKnownFileType = file.xib; path = TransactionsTableViewCell.xib; sourceTree = "<group>"; };
		0133CE7128DB545500AAD8B2 /* PayerStore.swift */ = {isa = PBXFileReference; lastKnownFileType = sourcecode.swift; path = PayerStore.swift; sourceTree = "<group>"; };
		0133CE7328DB548200AAD8B2 /* BankCardItem.swift */ = {isa = PBXFileReference; lastKnownFileType = sourcecode.swift; path = BankCardItem.swift; sourceTree = "<group>"; };
		0133CE7528DB549500AAD8B2 /* TransactionItem.swift */ = {isa = PBXFileReference; lastKnownFileType = sourcecode.swift; path = TransactionItem.swift; sourceTree = "<group>"; };
		0133CE7728DB55DA00AAD8B2 /* CoreDataStack.swift */ = {isa = PBXFileReference; lastKnownFileType = sourcecode.swift; path = CoreDataStack.swift; sourceTree = "<group>"; };
		0133CE7D28DB57A500AAD8B2 /* Logger.swift */ = {isa = PBXFileReference; lastKnownFileType = sourcecode.swift; path = Logger.swift; sourceTree = "<group>"; };
		0133CE8728DB738B00AAD8B2 /* en */ = {isa = PBXFileReference; lastKnownFileType = text.plist.strings; name = en; path = en.lproj/Localizable.strings; sourceTree = "<group>"; };
		0133CE9328DB756E00AAD8B2 /* tr */ = {isa = PBXFileReference; lastKnownFileType = text.plist.strings; name = tr; path = tr.lproj/Localizable.strings; sourceTree = "<group>"; };
		01A458FE28DC5DC70072ADCF /* MakePayment.storyboard */ = {isa = PBXFileReference; lastKnownFileType = file.storyboard; path = MakePayment.storyboard; sourceTree = "<group>"; };
		01A458FF28DC5DC70072ADCF /* MakePaymentInterfaces.swift */ = {isa = PBXFileReference; lastKnownFileType = sourcecode.swift; path = MakePaymentInterfaces.swift; sourceTree = "<group>"; };
		01A4590028DC5DC70072ADCF /* MakePaymentPresenter.swift */ = {isa = PBXFileReference; lastKnownFileType = sourcecode.swift; path = MakePaymentPresenter.swift; sourceTree = "<group>"; };
		01A4590128DC5DC70072ADCF /* MakePaymentViewController.swift */ = {isa = PBXFileReference; lastKnownFileType = sourcecode.swift; path = MakePaymentViewController.swift; sourceTree = "<group>"; };
		01A4590228DC5DC70072ADCF /* MakePaymentInteractor.swift */ = {isa = PBXFileReference; lastKnownFileType = sourcecode.swift; path = MakePaymentInteractor.swift; sourceTree = "<group>"; };
		01A4590328DC5DC70072ADCF /* MakePaymentWireframe.swift */ = {isa = PBXFileReference; lastKnownFileType = sourcecode.swift; path = MakePaymentWireframe.swift; sourceTree = "<group>"; };
		01A4590A28DC89390072ADCF /* Extensions.swift */ = {isa = PBXFileReference; lastKnownFileType = sourcecode.swift; name = Extensions.swift; path = ../../../../../Documents/Extensions.swift; sourceTree = "<group>"; };
		01A4590C28DC8AA70072ADCF /* PaymentTypeTableViewCell.swift */ = {isa = PBXFileReference; lastKnownFileType = sourcecode.swift; path = PaymentTypeTableViewCell.swift; sourceTree = "<group>"; };
		01A4590E28DCA7200072ADCF /* SubscriptionItem.swift */ = {isa = PBXFileReference; lastKnownFileType = sourcecode.swift; path = SubscriptionItem.swift; sourceTree = "<group>"; };
/* End PBXFileReference section */

/* Begin PBXFrameworksBuildPhase section */
		0133CE0828DA602A00AAD8B2 /* Frameworks */ = {
			isa = PBXFrameworksBuildPhase;
			buildActionMask = 2147483647;
			files = (
				012897FB28DCF13700C56CDC /* NVActivityIndicatorViewExtended in Frameworks */,
				012897F928DCF13700C56CDC /* NVActivityIndicatorView in Frameworks */,
				0133CE7B28DB579700AAD8B2 /* SwiftyBeaver in Frameworks */,
			);
			runOnlyForDeploymentPostprocessing = 0;
		};
		0133CE2128DA602C00AAD8B2 /* Frameworks */ = {
			isa = PBXFrameworksBuildPhase;
			buildActionMask = 2147483647;
			files = (
			);
			runOnlyForDeploymentPostprocessing = 0;
		};
		0133CE2B28DA602C00AAD8B2 /* Frameworks */ = {
			isa = PBXFrameworksBuildPhase;
			buildActionMask = 2147483647;
			files = (
			);
			runOnlyForDeploymentPostprocessing = 0;
		};
/* End PBXFrameworksBuildPhase section */

/* Begin PBXGroup section */
		012897E128DCCC7F00C56CDC /* FinishPayment */ = {
			isa = PBXGroup;
			children = (
				012897E228DCCCA600C56CDC /* FinishPayment.storyboard */,
				012897E328DCCCA600C56CDC /* FinishPaymentInterfaces.swift */,
				012897E428DCCCA600C56CDC /* FinishPaymentPresenter.swift */,
				012897E528DCCCA600C56CDC /* FinishPaymentViewController.swift */,
				012897E628DCCCA600C56CDC /* FinishPaymentInteractor.swift */,
				012897E728DCCCA600C56CDC /* FinishPaymentWireframe.swift */,
			);
			path = FinishPayment;
			sourceTree = "<group>";
		};
		012897EE28DCCD8500C56CDC /* GenericTextField */ = {
			isa = PBXGroup;
			children = (
				012897EF28DCCDB500C56CDC /* GenericTextField.swift */,
				012897F128DCCDBF00C56CDC /* GenericTextField.xib */,
			);
			path = GenericTextField;
			sourceTree = "<group>";
		};
		012897FC28DCF44300C56CDC /* PaymentDetails */ = {
			isa = PBXGroup;
			children = (
				012897FD28DCF45300C56CDC /* PaymentDetails.storyboard */,
				012897FE28DCF45300C56CDC /* PaymentDetailsInterfaces.swift */,
				012897FF28DCF45300C56CDC /* PaymentDetailsPresenter.swift */,
				0128980028DCF45300C56CDC /* PaymentDetailsViewController.swift */,
				0128980128DCF45300C56CDC /* PaymentDetailsInteractor.swift */,
				0128980228DCF45300C56CDC /* PaymentDetailsWireframe.swift */,
			);
			path = PaymentDetails;
			sourceTree = "<group>";
		};
		0133CE0228DA602A00AAD8B2 = {
			isa = PBXGroup;
			children = (
				0133CE0D28DA602A00AAD8B2 /* Payer */,
				0133CE2728DA602C00AAD8B2 /* PayerTests */,
				0133CE3128DA602C00AAD8B2 /* PayerUITests */,
				0133CE0C28DA602A00AAD8B2 /* Products */,
			);
			sourceTree = "<group>";
		};
		0133CE0C28DA602A00AAD8B2 /* Products */ = {
			isa = PBXGroup;
			children = (
				0133CE0B28DA602A00AAD8B2 /* Payer.app */,
				0133CE2428DA602C00AAD8B2 /* PayerTests.xctest */,
				0133CE2E28DA602C00AAD8B2 /* PayerUITests.xctest */,
			);
			name = Products;
			sourceTree = "<group>";
		};
		0133CE0D28DA602A00AAD8B2 /* Payer */ = {
			isa = PBXGroup;
			children = (
				01A458FC28DC5D140072ADCF /* Scenes */,
				0133CE7C28DB579C00AAD8B2 /* Utils */,
				0133CE7028DB543100AAD8B2 /* Persistency */,
				0133CE5B28DA677E00AAD8B2 /* Components */,
				0133CE0E28DA602A00AAD8B2 /* AppDelegate.swift */,
				0133CE1028DA602A00AAD8B2 /* SceneDelegate.swift */,
				0133CE1228DA602A00AAD8B2 /* ViewController.swift */,
				0133CE1428DA602A00AAD8B2 /* Main.storyboard */,
				0133CE1A28DA602C00AAD8B2 /* Assets.xcassets */,
				0133CE1C28DA602C00AAD8B2 /* LaunchScreen.storyboard */,
				0133CE1F28DA602C00AAD8B2 /* Info.plist */,
				0133CE1728DA602A00AAD8B2 /* Payer.xcdatamodeld */,
				0133CE8828DB738B00AAD8B2 /* Localizable.strings */,
			);
			path = Payer;
			sourceTree = "<group>";
		};
		0133CE2728DA602C00AAD8B2 /* PayerTests */ = {
			isa = PBXGroup;
			children = (
				0133CE2828DA602C00AAD8B2 /* PayerTests.swift */,
			);
			path = PayerTests;
			sourceTree = "<group>";
		};
		0133CE3128DA602C00AAD8B2 /* PayerUITests */ = {
			isa = PBXGroup;
			children = (
				0133CE3228DA602C00AAD8B2 /* PayerUITests.swift */,
				0133CE3428DA602C00AAD8B2 /* PayerUITestsLaunchTests.swift */,
			);
			path = PayerUITests;
			sourceTree = "<group>";
		};
		0133CE4128DA620700AAD8B2 /* BaseViper */ = {
			isa = PBXGroup;
			children = (
				0133CE4228DA620700AAD8B2 /* BaseWireframe.swift */,
				0133CE4328DA620700AAD8B2 /* UIStoryboardExtension.swift */,
				0133CE4428DA620700AAD8B2 /* PresenterInterface.swift */,
				0133CE4528DA620700AAD8B2 /* ViewInterface.swift */,
				0133CE4628DA620700AAD8B2 /* InteractorInterface.swift */,
			);
			path = BaseViper;
			sourceTree = "<group>";
		};
		0133CE4C28DA621000AAD8B2 /* PaymentsHome */ = {
			isa = PBXGroup;
			children = (
				0133CE4D28DA622F00AAD8B2 /* PaymentsHome.storyboard */,
				0133CE4E28DA622F00AAD8B2 /* PaymentsHomeInterfaces.swift */,
				0133CE4F28DA622F00AAD8B2 /* PaymentsHomePresenter.swift */,
				0133CE5028DA622F00AAD8B2 /* PaymentsHomeViewController.swift */,
				0133CE5128DA622F00AAD8B2 /* PaymentsHomeInteractor.swift */,
				0133CE5228DA622F00AAD8B2 /* PaymentsHomeWireframe.swift */,
				0133CE5928DA62AF00AAD8B2 /* PaymentsNavigationViewController.swift */,
			);
			path = PaymentsHome;
			sourceTree = "<group>";
		};
		0133CE5B28DA677E00AAD8B2 /* Components */ = {
			isa = PBXGroup;
			children = (
				012897EE28DCCD8500C56CDC /* GenericTextField */,
				0133CE6128DB265000AAD8B2 /* TransactionHistoryTable */,
				0133CE5C28DA678500AAD8B2 /* CreditCardComponent */,
			);
			path = Components;
			sourceTree = "<group>";
		};
		0133CE5C28DA678500AAD8B2 /* CreditCardComponent */ = {
			isa = PBXGroup;
			children = (
				0133CE5D28DA67AC00AAD8B2 /* CreditCardView.swift */,
				0133CE5F28DA67EE00AAD8B2 /* CreditCardView.xib */,
			);
			path = CreditCardComponent;
			sourceTree = "<group>";
		};
		0133CE6128DB265000AAD8B2 /* TransactionHistoryTable */ = {
			isa = PBXGroup;
			children = (
				0133CE6728DB2E1100AAD8B2 /* TransactionCell */,
				0133CE6228DB266300AAD8B2 /* TransactionHistoryTable.xib */,
				0133CE6428DB269500AAD8B2 /* TransactionHistoryTable.swift */,
			);
			path = TransactionHistoryTable;
			sourceTree = "<group>";
		};
		0133CE6728DB2E1100AAD8B2 /* TransactionCell */ = {
			isa = PBXGroup;
			children = (
				0133CE6C28DB341800AAD8B2 /* TransactionsTableViewCell.swift */,
				0133CE6D28DB341800AAD8B2 /* TransactionsTableViewCell.xib */,
				012897F328DCED1B00C56CDC /* EmptyTableViewCell.swift */,
				012897F428DCED1B00C56CDC /* EmptyTableViewCell.xib */,
			);
			path = TransactionCell;
			sourceTree = "<group>";
		};
		0133CE7028DB543100AAD8B2 /* Persistency */ = {
			isa = PBXGroup;
			children = (
				01A4591028DCA7770072ADCF /* Entities */,
				0133CE7128DB545500AAD8B2 /* PayerStore.swift */,
				0133CE7728DB55DA00AAD8B2 /* CoreDataStack.swift */,
			);
			path = Persistency;
			sourceTree = "<group>";
		};
		0133CE7C28DB579C00AAD8B2 /* Utils */ = {
			isa = PBXGroup;
			children = (
				0133CE7D28DB57A500AAD8B2 /* Logger.swift */,
				01A4590A28DC89390072ADCF /* Extensions.swift */,
			);
			path = Utils;
			sourceTree = "<group>";
		};
		01A458FC28DC5D140072ADCF /* Scenes */ = {
			isa = PBXGroup;
			children = (
				012897FC28DCF44300C56CDC /* PaymentDetails */,
				012897E128DCCC7F00C56CDC /* FinishPayment */,
				01A458FD28DC5D200072ADCF /* MakePayment */,
				0133CE4128DA620700AAD8B2 /* BaseViper */,
				0133CE4C28DA621000AAD8B2 /* PaymentsHome */,
			);
			path = Scenes;
			sourceTree = "<group>";
		};
		01A458FD28DC5D200072ADCF /* MakePayment */ = {
			isa = PBXGroup;
			children = (
				01A458FE28DC5DC70072ADCF /* MakePayment.storyboard */,
				01A458FF28DC5DC70072ADCF /* MakePaymentInterfaces.swift */,
				01A4590028DC5DC70072ADCF /* MakePaymentPresenter.swift */,
				01A4590128DC5DC70072ADCF /* MakePaymentViewController.swift */,
				01A4590228DC5DC70072ADCF /* MakePaymentInteractor.swift */,
				01A4590328DC5DC70072ADCF /* MakePaymentWireframe.swift */,
				01A4590C28DC8AA70072ADCF /* PaymentTypeTableViewCell.swift */,
			);
			path = MakePayment;
			sourceTree = "<group>";
		};
		01A4591028DCA7770072ADCF /* Entities */ = {
			isa = PBXGroup;
			children = (
				0133CE7328DB548200AAD8B2 /* BankCardItem.swift */,
				0133CE7528DB549500AAD8B2 /* TransactionItem.swift */,
				01A4590E28DCA7200072ADCF /* SubscriptionItem.swift */,
			);
			path = Entities;
			sourceTree = "<group>";
		};
/* End PBXGroup section */

/* Begin PBXNativeTarget section */
		0133CE0A28DA602A00AAD8B2 /* Payer */ = {
			isa = PBXNativeTarget;
			buildConfigurationList = 0133CE3828DA602C00AAD8B2 /* Build configuration list for PBXNativeTarget "Payer" */;
			buildPhases = (
				0133CE0728DA602A00AAD8B2 /* Sources */,
				0133CE0828DA602A00AAD8B2 /* Frameworks */,
				0133CE0928DA602A00AAD8B2 /* Resources */,
			);
			buildRules = (
			);
			dependencies = (
			);
			name = Payer;
			packageProductDependencies = (
				0133CE7A28DB579700AAD8B2 /* SwiftyBeaver */,
				012897F828DCF13700C56CDC /* NVActivityIndicatorView */,
				012897FA28DCF13700C56CDC /* NVActivityIndicatorViewExtended */,
			);
			productName = Payer;
			productReference = 0133CE0B28DA602A00AAD8B2 /* Payer.app */;
			productType = "com.apple.product-type.application";
		};
		0133CE2328DA602C00AAD8B2 /* PayerTests */ = {
			isa = PBXNativeTarget;
			buildConfigurationList = 0133CE3B28DA602C00AAD8B2 /* Build configuration list for PBXNativeTarget "PayerTests" */;
			buildPhases = (
				0133CE2028DA602C00AAD8B2 /* Sources */,
				0133CE2128DA602C00AAD8B2 /* Frameworks */,
				0133CE2228DA602C00AAD8B2 /* Resources */,
			);
			buildRules = (
			);
			dependencies = (
				0133CE2628DA602C00AAD8B2 /* PBXTargetDependency */,
			);
			name = PayerTests;
			productName = PayerTests;
			productReference = 0133CE2428DA602C00AAD8B2 /* PayerTests.xctest */;
			productType = "com.apple.product-type.bundle.unit-test";
		};
		0133CE2D28DA602C00AAD8B2 /* PayerUITests */ = {
			isa = PBXNativeTarget;
			buildConfigurationList = 0133CE3E28DA602C00AAD8B2 /* Build configuration list for PBXNativeTarget "PayerUITests" */;
			buildPhases = (
				0133CE2A28DA602C00AAD8B2 /* Sources */,
				0133CE2B28DA602C00AAD8B2 /* Frameworks */,
				0133CE2C28DA602C00AAD8B2 /* Resources */,
			);
			buildRules = (
			);
			dependencies = (
				0133CE3028DA602C00AAD8B2 /* PBXTargetDependency */,
			);
			name = PayerUITests;
			productName = PayerUITests;
			productReference = 0133CE2E28DA602C00AAD8B2 /* PayerUITests.xctest */;
			productType = "com.apple.product-type.bundle.ui-testing";
		};
/* End PBXNativeTarget section */

/* Begin PBXProject section */
		0133CE0328DA602A00AAD8B2 /* Project object */ = {
			isa = PBXProject;
			attributes = {
				BuildIndependentTargetsInParallel = 1;
				LastSwiftUpdateCheck = 1340;
				LastUpgradeCheck = 1340;
				TargetAttributes = {
					0133CE0A28DA602A00AAD8B2 = {
						CreatedOnToolsVersion = 13.4.1;
					};
					0133CE2328DA602C00AAD8B2 = {
						CreatedOnToolsVersion = 13.4.1;
						TestTargetID = 0133CE0A28DA602A00AAD8B2;
					};
					0133CE2D28DA602C00AAD8B2 = {
						CreatedOnToolsVersion = 13.4.1;
						TestTargetID = 0133CE0A28DA602A00AAD8B2;
					};
				};
			};
			buildConfigurationList = 0133CE0628DA602A00AAD8B2 /* Build configuration list for PBXProject "Payer" */;
			compatibilityVersion = "Xcode 13.0";
			developmentRegion = en;
			hasScannedForEncodings = 0;
			knownRegions = (
				en,
				Base,
				tr,
			);
			mainGroup = 0133CE0228DA602A00AAD8B2;
			packageReferences = (
				0133CE7928DB579700AAD8B2 /* XCRemoteSwiftPackageReference "SwiftyBeaver" */,
				012897F728DCF13700C56CDC /* XCRemoteSwiftPackageReference "NVActivityIndicatorView" */,
			);
			productRefGroup = 0133CE0C28DA602A00AAD8B2 /* Products */;
			projectDirPath = "";
			projectRoot = "";
			targets = (
				0133CE0A28DA602A00AAD8B2 /* Payer */,
				0133CE2328DA602C00AAD8B2 /* PayerTests */,
				0133CE2D28DA602C00AAD8B2 /* PayerUITests */,
			);
		};
/* End PBXProject section */

/* Begin PBXResourcesBuildPhase section */
		0133CE0928DA602A00AAD8B2 /* Resources */ = {
			isa = PBXResourcesBuildPhase;
			buildActionMask = 2147483647;
			files = (
				01A4590428DC5DC70072ADCF /* MakePayment.storyboard in Resources */,
				0133CE5328DA622F00AAD8B2 /* PaymentsHome.storyboard in Resources */,
				012897E828DCCCA600C56CDC /* FinishPayment.storyboard in Resources */,
				0133CE6028DA67EE00AAD8B2 /* CreditCardView.xib in Resources */,
				0133CE6F28DB341800AAD8B2 /* TransactionsTableViewCell.xib in Resources */,
				0128980328DCF45300C56CDC /* PaymentDetails.storyboard in Resources */,
				0133CE1E28DA602C00AAD8B2 /* LaunchScreen.storyboard in Resources */,
				0133CE1B28DA602C00AAD8B2 /* Assets.xcassets in Resources */,
				0133CE8628DB738B00AAD8B2 /* Localizable.strings in Resources */,
				0133CE6328DB266300AAD8B2 /* TransactionHistoryTable.xib in Resources */,
				012897F628DCED1B00C56CDC /* EmptyTableViewCell.xib in Resources */,
				0133CE1628DA602A00AAD8B2 /* Main.storyboard in Resources */,
				012897F228DCCDBF00C56CDC /* GenericTextField.xib in Resources */,
			);
			runOnlyForDeploymentPostprocessing = 0;
		};
		0133CE2228DA602C00AAD8B2 /* Resources */ = {
			isa = PBXResourcesBuildPhase;
			buildActionMask = 2147483647;
			files = (
			);
			runOnlyForDeploymentPostprocessing = 0;
		};
		0133CE2C28DA602C00AAD8B2 /* Resources */ = {
			isa = PBXResourcesBuildPhase;
			buildActionMask = 2147483647;
			files = (
			);
			runOnlyForDeploymentPostprocessing = 0;
		};
/* End PBXResourcesBuildPhase section */

/* Begin PBXSourcesBuildPhase section */
		0133CE0728DA602A00AAD8B2 /* Sources */ = {
			isa = PBXSourcesBuildPhase;
			buildActionMask = 2147483647;
			files = (
				0133CE5628DA622F00AAD8B2 /* PaymentsHomeViewController.swift in Sources */,
				0133CE1328DA602A00AAD8B2 /* ViewController.swift in Sources */,
				01A4590828DC5DC70072ADCF /* MakePaymentInteractor.swift in Sources */,
				01A4590F28DCA7200072ADCF /* SubscriptionItem.swift in Sources */,
				01A4590628DC5DC70072ADCF /* MakePaymentPresenter.swift in Sources */,
				0133CE4728DA620700AAD8B2 /* BaseWireframe.swift in Sources */,
				0128980728DCF45300C56CDC /* PaymentDetailsInteractor.swift in Sources */,
				0133CE5728DA622F00AAD8B2 /* PaymentsHomeInteractor.swift in Sources */,
				0133CE6528DB269500AAD8B2 /* TransactionHistoryTable.swift in Sources */,
				012897EA28DCCCA600C56CDC /* FinishPaymentPresenter.swift in Sources */,
				012897EC28DCCCA600C56CDC /* FinishPaymentInteractor.swift in Sources */,
				01A4590B28DC89390072ADCF /* Extensions.swift in Sources */,
				01A4590928DC5DC70072ADCF /* MakePaymentWireframe.swift in Sources */,
				0133CE4A28DA620700AAD8B2 /* ViewInterface.swift in Sources */,
				01A4590D28DC8AA70072ADCF /* PaymentTypeTableViewCell.swift in Sources */,
				0133CE0F28DA602A00AAD8B2 /* AppDelegate.swift in Sources */,
				0133CE1128DA602A00AAD8B2 /* SceneDelegate.swift in Sources */,
				012897ED28DCCCA600C56CDC /* FinishPaymentWireframe.swift in Sources */,
				01A4590728DC5DC70072ADCF /* MakePaymentViewController.swift in Sources */,
				0128980828DCF45300C56CDC /* PaymentDetailsWireframe.swift in Sources */,
				0133CE5528DA622F00AAD8B2 /* PaymentsHomePresenter.swift in Sources */,
				0133CE7E28DB57A500AAD8B2 /* Logger.swift in Sources */,
				012897EB28DCCCA600C56CDC /* FinishPaymentViewController.swift in Sources */,
				0133CE5828DA622F00AAD8B2 /* PaymentsHomeWireframe.swift in Sources */,
				0133CE4828DA620700AAD8B2 /* UIStoryboardExtension.swift in Sources */,
				0133CE5A28DA62AF00AAD8B2 /* PaymentsNavigationViewController.swift in Sources */,
				012897F028DCCDB500C56CDC /* GenericTextField.swift in Sources */,
				0133CE4B28DA620700AAD8B2 /* InteractorInterface.swift in Sources */,
				01A4590528DC5DC70072ADCF /* MakePaymentInterfaces.swift in Sources */,
				0128980428DCF45300C56CDC /* PaymentDetailsInterfaces.swift in Sources */,
				0133CE7628DB549500AAD8B2 /* TransactionItem.swift in Sources */,
				0133CE6E28DB341800AAD8B2 /* TransactionsTableViewCell.swift in Sources */,
				0133CE7428DB548200AAD8B2 /* BankCardItem.swift in Sources */,
				0133CE7228DB545500AAD8B2 /* PayerStore.swift in Sources */,
				0133CE7828DB55DA00AAD8B2 /* CoreDataStack.swift in Sources */,
				012897E928DCCCA600C56CDC /* FinishPaymentInterfaces.swift in Sources */,
				0133CE5428DA622F00AAD8B2 /* PaymentsHomeInterfaces.swift in Sources */,
				0133CE1928DA602A00AAD8B2 /* Payer.xcdatamodeld in Sources */,
				0128980628DCF45300C56CDC /* PaymentDetailsViewController.swift in Sources */,
				0128980528DCF45300C56CDC /* PaymentDetailsPresenter.swift in Sources */,
				012897F528DCED1B00C56CDC /* EmptyTableViewCell.swift in Sources */,
				0133CE4928DA620700AAD8B2 /* PresenterInterface.swift in Sources */,
				0133CE5E28DA67AC00AAD8B2 /* CreditCardView.swift in Sources */,
			);
			runOnlyForDeploymentPostprocessing = 0;
		};
		0133CE2028DA602C00AAD8B2 /* Sources */ = {
			isa = PBXSourcesBuildPhase;
			buildActionMask = 2147483647;
			files = (
				0133CE2928DA602C00AAD8B2 /* PayerTests.swift in Sources */,
			);
			runOnlyForDeploymentPostprocessing = 0;
		};
		0133CE2A28DA602C00AAD8B2 /* Sources */ = {
			isa = PBXSourcesBuildPhase;
			buildActionMask = 2147483647;
			files = (
				0133CE3528DA602C00AAD8B2 /* PayerUITestsLaunchTests.swift in Sources */,
				0133CE3328DA602C00AAD8B2 /* PayerUITests.swift in Sources */,
			);
			runOnlyForDeploymentPostprocessing = 0;
		};
/* End PBXSourcesBuildPhase section */

/* Begin PBXTargetDependency section */
		0133CE2628DA602C00AAD8B2 /* PBXTargetDependency */ = {
			isa = PBXTargetDependency;
			target = 0133CE0A28DA602A00AAD8B2 /* Payer */;
			targetProxy = 0133CE2528DA602C00AAD8B2 /* PBXContainerItemProxy */;
		};
		0133CE3028DA602C00AAD8B2 /* PBXTargetDependency */ = {
			isa = PBXTargetDependency;
			target = 0133CE0A28DA602A00AAD8B2 /* Payer */;
			targetProxy = 0133CE2F28DA602C00AAD8B2 /* PBXContainerItemProxy */;
		};
/* End PBXTargetDependency section */

/* Begin PBXVariantGroup section */
		0133CE1428DA602A00AAD8B2 /* Main.storyboard */ = {
			isa = PBXVariantGroup;
			children = (
				0133CE1528DA602A00AAD8B2 /* Base */,
			);
			name = Main.storyboard;
			sourceTree = "<group>";
		};
		0133CE1C28DA602C00AAD8B2 /* LaunchScreen.storyboard */ = {
			isa = PBXVariantGroup;
			children = (
				0133CE1D28DA602C00AAD8B2 /* Base */,
			);
			name = LaunchScreen.storyboard;
			sourceTree = "<group>";
		};
		0133CE8828DB738B00AAD8B2 /* Localizable.strings */ = {
			isa = PBXVariantGroup;
			children = (
				0133CE8728DB738B00AAD8B2 /* en */,
				0133CE9328DB756E00AAD8B2 /* tr */,
			);
			name = Localizable.strings;
			sourceTree = "<group>";
		};
/* End PBXVariantGroup section */

/* Begin XCBuildConfiguration section */
		0133CE3628DA602C00AAD8B2 /* Debug */ = {
			isa = XCBuildConfiguration;
			buildSettings = {
				ALWAYS_SEARCH_USER_PATHS = NO;
				CLANG_ANALYZER_LOCALIZABILITY_NONLOCALIZED = YES;
				CLANG_ANALYZER_NONNULL = YES;
				CLANG_ANALYZER_NUMBER_OBJECT_CONVERSION = YES_AGGRESSIVE;
				CLANG_CXX_LANGUAGE_STANDARD = "gnu++17";
				CLANG_ENABLE_MODULES = YES;
				CLANG_ENABLE_OBJC_ARC = YES;
				CLANG_ENABLE_OBJC_WEAK = YES;
				CLANG_WARN_BLOCK_CAPTURE_AUTORELEASING = YES;
				CLANG_WARN_BOOL_CONVERSION = YES;
				CLANG_WARN_COMMA = YES;
				CLANG_WARN_CONSTANT_CONVERSION = YES;
				CLANG_WARN_DEPRECATED_OBJC_IMPLEMENTATIONS = YES;
				CLANG_WARN_DIRECT_OBJC_ISA_USAGE = YES_ERROR;
				CLANG_WARN_DOCUMENTATION_COMMENTS = YES;
				CLANG_WARN_EMPTY_BODY = YES;
				CLANG_WARN_ENUM_CONVERSION = YES;
				CLANG_WARN_INFINITE_RECURSION = YES;
				CLANG_WARN_INT_CONVERSION = YES;
				CLANG_WARN_NON_LITERAL_NULL_CONVERSION = YES;
				CLANG_WARN_OBJC_IMPLICIT_RETAIN_SELF = YES;
				CLANG_WARN_OBJC_LITERAL_CONVERSION = YES;
				CLANG_WARN_OBJC_ROOT_CLASS = YES_ERROR;
				CLANG_WARN_QUOTED_INCLUDE_IN_FRAMEWORK_HEADER = YES;
				CLANG_WARN_RANGE_LOOP_ANALYSIS = YES;
				CLANG_WARN_STRICT_PROTOTYPES = YES;
				CLANG_WARN_SUSPICIOUS_MOVE = YES;
				CLANG_WARN_UNGUARDED_AVAILABILITY = YES_AGGRESSIVE;
				CLANG_WARN_UNREACHABLE_CODE = YES;
				CLANG_WARN__DUPLICATE_METHOD_MATCH = YES;
				COPY_PHASE_STRIP = NO;
				DEBUG_INFORMATION_FORMAT = dwarf;
				ENABLE_STRICT_OBJC_MSGSEND = YES;
				ENABLE_TESTABILITY = YES;
				GCC_C_LANGUAGE_STANDARD = gnu11;
				GCC_DYNAMIC_NO_PIC = NO;
				GCC_NO_COMMON_BLOCKS = YES;
				GCC_OPTIMIZATION_LEVEL = 0;
				GCC_PREPROCESSOR_DEFINITIONS = (
					"DEBUG=1",
					"$(inherited)",
				);
				GCC_WARN_64_TO_32_BIT_CONVERSION = YES;
				GCC_WARN_ABOUT_RETURN_TYPE = YES_ERROR;
				GCC_WARN_UNDECLARED_SELECTOR = YES;
				GCC_WARN_UNINITIALIZED_AUTOS = YES_AGGRESSIVE;
				GCC_WARN_UNUSED_FUNCTION = YES;
				GCC_WARN_UNUSED_VARIABLE = YES;
				IPHONEOS_DEPLOYMENT_TARGET = 15.5;
				MTL_ENABLE_DEBUG_INFO = INCLUDE_SOURCE;
				MTL_FAST_MATH = YES;
				ONLY_ACTIVE_ARCH = YES;
				SDKROOT = iphoneos;
				SWIFT_ACTIVE_COMPILATION_CONDITIONS = DEBUG;
				SWIFT_OPTIMIZATION_LEVEL = "-Onone";
			};
			name = Debug;
		};
		0133CE3728DA602C00AAD8B2 /* Release */ = {
			isa = XCBuildConfiguration;
			buildSettings = {
				ALWAYS_SEARCH_USER_PATHS = NO;
				CLANG_ANALYZER_LOCALIZABILITY_NONLOCALIZED = YES;
				CLANG_ANALYZER_NONNULL = YES;
				CLANG_ANALYZER_NUMBER_OBJECT_CONVERSION = YES_AGGRESSIVE;
				CLANG_CXX_LANGUAGE_STANDARD = "gnu++17";
				CLANG_ENABLE_MODULES = YES;
				CLANG_ENABLE_OBJC_ARC = YES;
				CLANG_ENABLE_OBJC_WEAK = YES;
				CLANG_WARN_BLOCK_CAPTURE_AUTORELEASING = YES;
				CLANG_WARN_BOOL_CONVERSION = YES;
				CLANG_WARN_COMMA = YES;
				CLANG_WARN_CONSTANT_CONVERSION = YES;
				CLANG_WARN_DEPRECATED_OBJC_IMPLEMENTATIONS = YES;
				CLANG_WARN_DIRECT_OBJC_ISA_USAGE = YES_ERROR;
				CLANG_WARN_DOCUMENTATION_COMMENTS = YES;
				CLANG_WARN_EMPTY_BODY = YES;
				CLANG_WARN_ENUM_CONVERSION = YES;
				CLANG_WARN_INFINITE_RECURSION = YES;
				CLANG_WARN_INT_CONVERSION = YES;
				CLANG_WARN_NON_LITERAL_NULL_CONVERSION = YES;
				CLANG_WARN_OBJC_IMPLICIT_RETAIN_SELF = YES;
				CLANG_WARN_OBJC_LITERAL_CONVERSION = YES;
				CLANG_WARN_OBJC_ROOT_CLASS = YES_ERROR;
				CLANG_WARN_QUOTED_INCLUDE_IN_FRAMEWORK_HEADER = YES;
				CLANG_WARN_RANGE_LOOP_ANALYSIS = YES;
				CLANG_WARN_STRICT_PROTOTYPES = YES;
				CLANG_WARN_SUSPICIOUS_MOVE = YES;
				CLANG_WARN_UNGUARDED_AVAILABILITY = YES_AGGRESSIVE;
				CLANG_WARN_UNREACHABLE_CODE = YES;
				CLANG_WARN__DUPLICATE_METHOD_MATCH = YES;
				COPY_PHASE_STRIP = NO;
				DEBUG_INFORMATION_FORMAT = "dwarf-with-dsym";
				ENABLE_NS_ASSERTIONS = NO;
				ENABLE_STRICT_OBJC_MSGSEND = YES;
				GCC_C_LANGUAGE_STANDARD = gnu11;
				GCC_NO_COMMON_BLOCKS = YES;
				GCC_WARN_64_TO_32_BIT_CONVERSION = YES;
				GCC_WARN_ABOUT_RETURN_TYPE = YES_ERROR;
				GCC_WARN_UNDECLARED_SELECTOR = YES;
				GCC_WARN_UNINITIALIZED_AUTOS = YES_AGGRESSIVE;
				GCC_WARN_UNUSED_FUNCTION = YES;
				GCC_WARN_UNUSED_VARIABLE = YES;
				IPHONEOS_DEPLOYMENT_TARGET = 15.5;
				MTL_ENABLE_DEBUG_INFO = NO;
				MTL_FAST_MATH = YES;
				SDKROOT = iphoneos;
				SWIFT_COMPILATION_MODE = wholemodule;
				SWIFT_OPTIMIZATION_LEVEL = "-O";
				VALIDATE_PRODUCT = YES;
			};
			name = Release;
		};
		0133CE3928DA602C00AAD8B2 /* Debug */ = {
			isa = XCBuildConfiguration;
			buildSettings = {
				ASSETCATALOG_COMPILER_APPICON_NAME = AppIcon;
				ASSETCATALOG_COMPILER_GLOBAL_ACCENT_COLOR_NAME = AccentColor;
				CODE_SIGN_STYLE = Automatic;
				CURRENT_PROJECT_VERSION = 1;
				DEVELOPMENT_TEAM = 6LQ7CG225G;
				GENERATE_INFOPLIST_FILE = YES;
				INFOPLIST_FILE = Payer/Info.plist;
				INFOPLIST_KEY_UIApplicationSupportsIndirectInputEvents = YES;
				INFOPLIST_KEY_UILaunchStoryboardName = LaunchScreen;
				INFOPLIST_KEY_UIMainStoryboardFile = Main;
				INFOPLIST_KEY_UISupportedInterfaceOrientations_iPad = "UIInterfaceOrientationPortrait UIInterfaceOrientationPortraitUpsideDown UIInterfaceOrientationLandscapeLeft UIInterfaceOrientationLandscapeRight";
				INFOPLIST_KEY_UISupportedInterfaceOrientations_iPhone = "UIInterfaceOrientationPortrait UIInterfaceOrientationLandscapeLeft UIInterfaceOrientationLandscapeRight";
				LD_RUNPATH_SEARCH_PATHS = (
					"$(inherited)",
					"@executable_path/Frameworks",
				);
				MARKETING_VERSION = 1.0;
				PRODUCT_BUNDLE_IDENTIFIER = com.emndeniz.Payer;
				PRODUCT_NAME = "$(TARGET_NAME)";
				SWIFT_EMIT_LOC_STRINGS = YES;
				SWIFT_VERSION = 5.0;
				TARGETED_DEVICE_FAMILY = "1,2";
			};
			name = Debug;
		};
		0133CE3A28DA602C00AAD8B2 /* Release */ = {
			isa = XCBuildConfiguration;
			buildSettings = {
				ASSETCATALOG_COMPILER_APPICON_NAME = AppIcon;
				ASSETCATALOG_COMPILER_GLOBAL_ACCENT_COLOR_NAME = AccentColor;
				CODE_SIGN_STYLE = Automatic;
				CURRENT_PROJECT_VERSION = 1;
				DEVELOPMENT_TEAM = 6LQ7CG225G;
				GENERATE_INFOPLIST_FILE = YES;
				INFOPLIST_FILE = Payer/Info.plist;
				INFOPLIST_KEY_UIApplicationSupportsIndirectInputEvents = YES;
				INFOPLIST_KEY_UILaunchStoryboardName = LaunchScreen;
				INFOPLIST_KEY_UIMainStoryboardFile = Main;
				INFOPLIST_KEY_UISupportedInterfaceOrientations_iPad = "UIInterfaceOrientationPortrait UIInterfaceOrientationPortraitUpsideDown UIInterfaceOrientationLandscapeLeft UIInterfaceOrientationLandscapeRight";
				INFOPLIST_KEY_UISupportedInterfaceOrientations_iPhone = "UIInterfaceOrientationPortrait UIInterfaceOrientationLandscapeLeft UIInterfaceOrientationLandscapeRight";
				LD_RUNPATH_SEARCH_PATHS = (
					"$(inherited)",
					"@executable_path/Frameworks",
				);
				MARKETING_VERSION = 1.0;
				PRODUCT_BUNDLE_IDENTIFIER = com.emndeniz.Payer;
				PRODUCT_NAME = "$(TARGET_NAME)";
				SWIFT_EMIT_LOC_STRINGS = YES;
				SWIFT_VERSION = 5.0;
				TARGETED_DEVICE_FAMILY = "1,2";
			};
			name = Release;
		};
		0133CE3C28DA602C00AAD8B2 /* Debug */ = {
			isa = XCBuildConfiguration;
			buildSettings = {
				ALWAYS_EMBED_SWIFT_STANDARD_LIBRARIES = YES;
				BUNDLE_LOADER = "$(TEST_HOST)";
				CODE_SIGN_STYLE = Automatic;
				CURRENT_PROJECT_VERSION = 1;
				DEVELOPMENT_TEAM = 6LQ7CG225G;
				GENERATE_INFOPLIST_FILE = YES;
				IPHONEOS_DEPLOYMENT_TARGET = 15.5;
				MARKETING_VERSION = 1.0;
				PRODUCT_BUNDLE_IDENTIFIER = com.emndeniz.PayerTests;
				PRODUCT_NAME = "$(TARGET_NAME)";
				SWIFT_EMIT_LOC_STRINGS = NO;
				SWIFT_VERSION = 5.0;
				TARGETED_DEVICE_FAMILY = "1,2";
				TEST_HOST = "$(BUILT_PRODUCTS_DIR)/Payer.app/Payer";
			};
			name = Debug;
		};
		0133CE3D28DA602C00AAD8B2 /* Release */ = {
			isa = XCBuildConfiguration;
			buildSettings = {
				ALWAYS_EMBED_SWIFT_STANDARD_LIBRARIES = YES;
				BUNDLE_LOADER = "$(TEST_HOST)";
				CODE_SIGN_STYLE = Automatic;
				CURRENT_PROJECT_VERSION = 1;
				DEVELOPMENT_TEAM = 6LQ7CG225G;
				GENERATE_INFOPLIST_FILE = YES;
				IPHONEOS_DEPLOYMENT_TARGET = 15.5;
				MARKETING_VERSION = 1.0;
				PRODUCT_BUNDLE_IDENTIFIER = com.emndeniz.PayerTests;
				PRODUCT_NAME = "$(TARGET_NAME)";
				SWIFT_EMIT_LOC_STRINGS = NO;
				SWIFT_VERSION = 5.0;
				TARGETED_DEVICE_FAMILY = "1,2";
				TEST_HOST = "$(BUILT_PRODUCTS_DIR)/Payer.app/Payer";
			};
			name = Release;
		};
		0133CE3F28DA602C00AAD8B2 /* Debug */ = {
			isa = XCBuildConfiguration;
			buildSettings = {
				ALWAYS_EMBED_SWIFT_STANDARD_LIBRARIES = YES;
				CODE_SIGN_STYLE = Automatic;
				CURRENT_PROJECT_VERSION = 1;
				DEVELOPMENT_TEAM = 6LQ7CG225G;
				GENERATE_INFOPLIST_FILE = YES;
				MARKETING_VERSION = 1.0;
				PRODUCT_BUNDLE_IDENTIFIER = com.emndeniz.PayerUITests;
				PRODUCT_NAME = "$(TARGET_NAME)";
				SWIFT_EMIT_LOC_STRINGS = NO;
				SWIFT_VERSION = 5.0;
				TARGETED_DEVICE_FAMILY = "1,2";
				TEST_TARGET_NAME = Payer;
			};
			name = Debug;
		};
		0133CE4028DA602C00AAD8B2 /* Release */ = {
			isa = XCBuildConfiguration;
			buildSettings = {
				ALWAYS_EMBED_SWIFT_STANDARD_LIBRARIES = YES;
				CODE_SIGN_STYLE = Automatic;
				CURRENT_PROJECT_VERSION = 1;
				DEVELOPMENT_TEAM = 6LQ7CG225G;
				GENERATE_INFOPLIST_FILE = YES;
				MARKETING_VERSION = 1.0;
				PRODUCT_BUNDLE_IDENTIFIER = com.emndeniz.PayerUITests;
				PRODUCT_NAME = "$(TARGET_NAME)";
				SWIFT_EMIT_LOC_STRINGS = NO;
				SWIFT_VERSION = 5.0;
				TARGETED_DEVICE_FAMILY = "1,2";
				TEST_TARGET_NAME = Payer;
			};
			name = Release;
		};
/* End XCBuildConfiguration section */

/* Begin XCConfigurationList section */
		0133CE0628DA602A00AAD8B2 /* Build configuration list for PBXProject "Payer" */ = {
			isa = XCConfigurationList;
			buildConfigurations = (
				0133CE3628DA602C00AAD8B2 /* Debug */,
				0133CE3728DA602C00AAD8B2 /* Release */,
			);
			defaultConfigurationIsVisible = 0;
			defaultConfigurationName = Release;
		};
		0133CE3828DA602C00AAD8B2 /* Build configuration list for PBXNativeTarget "Payer" */ = {
			isa = XCConfigurationList;
			buildConfigurations = (
				0133CE3928DA602C00AAD8B2 /* Debug */,
				0133CE3A28DA602C00AAD8B2 /* Release */,
			);
			defaultConfigurationIsVisible = 0;
			defaultConfigurationName = Release;
		};
		0133CE3B28DA602C00AAD8B2 /* Build configuration list for PBXNativeTarget "PayerTests" */ = {
			isa = XCConfigurationList;
			buildConfigurations = (
				0133CE3C28DA602C00AAD8B2 /* Debug */,
				0133CE3D28DA602C00AAD8B2 /* Release */,
			);
			defaultConfigurationIsVisible = 0;
			defaultConfigurationName = Release;
		};
		0133CE3E28DA602C00AAD8B2 /* Build configuration list for PBXNativeTarget "PayerUITests" */ = {
			isa = XCConfigurationList;
			buildConfigurations = (
				0133CE3F28DA602C00AAD8B2 /* Debug */,
				0133CE4028DA602C00AAD8B2 /* Release */,
			);
			defaultConfigurationIsVisible = 0;
			defaultConfigurationName = Release;
		};
/* End XCConfigurationList section */

/* Begin XCRemoteSwiftPackageReference section */
		012897F728DCF13700C56CDC /* XCRemoteSwiftPackageReference "NVActivityIndicatorView" */ = {
			isa = XCRemoteSwiftPackageReference;
			repositoryURL = "https://github.com/ninjaprox/NVActivityIndicatorView.git";
			requirement = {
				kind = upToNextMajorVersion;
				minimumVersion = 5.0.0;
			};
		};
		0133CE7928DB579700AAD8B2 /* XCRemoteSwiftPackageReference "SwiftyBeaver" */ = {
			isa = XCRemoteSwiftPackageReference;
			repositoryURL = "https://github.com/SwiftyBeaver/SwiftyBeaver.git";
			requirement = {
				branch = master;
				kind = branch;
			};
		};
/* End XCRemoteSwiftPackageReference section */

/* Begin XCSwiftPackageProductDependency section */
		012897F828DCF13700C56CDC /* NVActivityIndicatorView */ = {
			isa = XCSwiftPackageProductDependency;
			package = 012897F728DCF13700C56CDC /* XCRemoteSwiftPackageReference "NVActivityIndicatorView" */;
			productName = NVActivityIndicatorView;
		};
		012897FA28DCF13700C56CDC /* NVActivityIndicatorViewExtended */ = {
			isa = XCSwiftPackageProductDependency;
			package = 012897F728DCF13700C56CDC /* XCRemoteSwiftPackageReference "NVActivityIndicatorView" */;
			productName = NVActivityIndicatorViewExtended;
		};
		0133CE7A28DB579700AAD8B2 /* SwiftyBeaver */ = {
			isa = XCSwiftPackageProductDependency;
			package = 0133CE7928DB579700AAD8B2 /* XCRemoteSwiftPackageReference "SwiftyBeaver" */;
			productName = SwiftyBeaver;
		};
/* End XCSwiftPackageProductDependency section */

/* Begin XCVersionGroup section */
		0133CE1728DA602A00AAD8B2 /* Payer.xcdatamodeld */ = {
			isa = XCVersionGroup;
			children = (
				0133CE1828DA602A00AAD8B2 /* Payer.xcdatamodel */,
			);
			currentVersion = 0133CE1828DA602A00AAD8B2 /* Payer.xcdatamodel */;
			path = Payer.xcdatamodeld;
			sourceTree = "<group>";
			versionGroupType = wrapper.xcdatamodel;
		};
/* End XCVersionGroup section */
	};
	rootObject = 0133CE0328DA602A00AAD8B2 /* Project object */;
}
